{
    "version": 3,
    "terraform_version": "0.11.7",
    "serial": 10,
    "lineage": "27884a4e-bf43-2819-d90e-d41f55cf6664",
    "modules": [
        {
            "path": [
                "root"
            ],
            "outputs": {},
            "resources": {
                "docker_container.foo": {
                    "type": "docker_container",
                    "depends_on": [
                        "docker_image.image1"
                    ],
                    "primary": {
                        "id": "268d5d668f2f860ac82cf4eafa7f4965bea3c4f3409d481940f994fa05dfd440",
                        "attributes": {
                            "bridge": "",
                            "gateway": "172.17.0.1",
                            "id": "268d5d668f2f860ac82cf4eafa7f4965bea3c4f3409d481940f994fa05dfd440",
                            "image": "sha256:fb2f3851a97186bb0eaf551a40b94782712580c2feac0d15ba925bef2da5fc18",
                            "ip_address": "172.17.0.2",
                            "ip_prefix_length": "16",
                            "log_driver": "json-file",
                            "must_run": "true",
                            "name": "foo",
                            "ports.#": "1",
                            "ports.1516735375.external": "80",
                            "ports.1516735375.internal": "80",
                            "ports.1516735375.ip": "",
                            "ports.1516735375.protocol": "tcp",
                            "restart": "no"
                        },
                        "meta": {},
                        "tainted": false
                    },
                    "deposed": [],
                    "provider": "provider.docker"
                },
                "docker_image.image1": {
                    "type": "docker_image",
                    "depends_on": [],
                    "primary": {
                        "id": "sha256:fb2f3851a97186bb0eaf551a40b94782712580c2feac0d15ba925bef2da5fc18httpd:latest",
                        "attributes": {
                            "id": "sha256:fb2f3851a97186bb0eaf551a40b94782712580c2feac0d15ba925bef2da5fc18httpd:latest",
                            "latest": "sha256:fb2f3851a97186bb0eaf551a40b94782712580c2feac0d15ba925bef2da5fc18",
                            "name": "httpd:latest"
                        },
                        "meta": {},
                        "tainted": false
                    },
                    "deposed": [],
                    "provider": "provider.docker"
                }
            },
            "depends_on": []
        }
    ]
}
